
Microsoft Visual Studio Solution File, Format Version 12.00
# Visual Studio 15
VisualStudioVersion = 15.0.26730.16
MinimumVisualStudioVersion = 10.0.40219.1
Project("{FAE04EC0-301F-11D3-BF4B-00C04F79EFBC}") = "QIQO.Pages", "QIQO.Pages\QIQO.Pages.csproj", "{167B483E-C4AA-477D-8F0C-F8EC38E78FF0}"
EndProject
Global
	GlobalSection(SolutionConfigurationPlatforms) = preSolution
		Debug|Any CPU = Debug|Any CPU
		Release|Any CPU = Release|Any CPU
	EndGlobalSection
	GlobalSection(ProjectConfigurationPlatforms) = postSolution
		{167B483E-C4AA-477D-8F0C-F8EC38E78FF0}.Debug|Any CPU.ActiveCfg = Debug|Any CPU
		{167B483E-C4AA-477D-8F0C-F8EC38E78FF0}.Debug|Any CPU.Build.0 = Debug|Any CPU
		{167B483E-C4AA-477D-8F0C-F8EC38E78FF0}.Release|Any CPU.ActiveCfg = Release|Any CPU
		{167B483E-C4AA-477D-8F0C-F8EC38E78FF0}.Release|Any CPU.Build.0 = Release|Any CPU
	EndGlobalSection
	GlobalSection(SolutionProperties) = preSolution
		HideSolutionNode = FALSE
	EndGlobalSection
	GlobalSection(ExtensibilityGlobals) = postSolution
		SolutionGuid = {5E7C51CD-98FE-42EA-976B-2E76B7DFEE5F}
	EndGlobalSection
EndGlobal
